
Microsoft Visual Studio Solution File, Format Version 12.00
# Visual Studio Version 16
VisualStudioVersion = 16.0.29613.14
MinimumVisualStudioVersion = 10.0.40219.1
Project("{FAE04EC0-301F-11D3-BF4B-00C04F79EFBC}") = "TesteFernando.Android", "TesteFernando\TesteFernando.Android\TesteFernando.Android.csproj", "{87D7F057-AD89-4071-8E41-736212891CCC}"
EndProject
Project("{FAE04EC0-301F-11D3-BF4B-00C04F79EFBC}") = "TesteFernando.iOS", "TesteFernando\TesteFernando.iOS\TesteFernando.iOS.csproj", "{834C7FB9-59FF-4E7C-AD2F-F90373AADBE8}"
EndProject
Project("{FAE04EC0-301F-11D3-BF4B-00C04F79EFBC}") = "TesteFernando", "TesteFernando\TesteFernando\TesteFernando.csproj", "{3FA1EB23-82E7-4681-901C-6FF206A746F1}"
EndProject
Global
	GlobalSection(SolutionConfigurationPlatforms) = preSolution
		Debug|Any CPU = Debug|Any CPU
		Debug|iPhone = Debug|iPhone
		Debug|iPhoneSimulator = Debug|iPhoneSimulator
		Release|Any CPU = Release|Any CPU
		Release|iPhone = Release|iPhone
		Release|iPhoneSimulator = Release|iPhoneSimulator
	EndGlobalSection
	GlobalSection(ProjectConfigurationPlatforms) = postSolution
		{87D7F057-AD89-4071-8E41-736212891CCC}.Debug|Any CPU.ActiveCfg = Debug|Any CPU
		{87D7F057-AD89-4071-8E41-736212891CCC}.Debug|Any CPU.Build.0 = Debug|Any CPU
		{87D7F057-AD89-4071-8E41-736212891CCC}.Debug|Any CPU.Deploy.0 = Debug|Any CPU
		{87D7F057-AD89-4071-8E41-736212891CCC}.Debug|iPhone.ActiveCfg = Debug|Any CPU
		{87D7F057-AD89-4071-8E41-736212891CCC}.Debug|iPhone.Build.0 = Debug|Any CPU
		{87D7F057-AD89-4071-8E41-736212891CCC}.Debug|iPhone.Deploy.0 = Debug|Any CPU
		{87D7F057-AD89-4071-8E41-736212891CCC}.Debug|iPhoneSimulator.ActiveCfg = Debug|Any CPU
		{87D7F057-AD89-4071-8E41-736212891CCC}.Debug|iPhoneSimulator.Build.0 = Debug|Any CPU
		{87D7F057-AD89-4071-8E41-736212891CCC}.Debug|iPhoneSimulator.Deploy.0 = Debug|Any CPU
		{87D7F057-AD89-4071-8E41-736212891CCC}.Release|Any CPU.ActiveCfg = Release|Any CPU
		{87D7F057-AD89-4071-8E41-736212891CCC}.Release|Any CPU.Build.0 = Release|Any CPU
		{87D7F057-AD89-4071-8E41-736212891CCC}.Release|Any CPU.Deploy.0 = Release|Any CPU
		{87D7F057-AD89-4071-8E41-736212891CCC}.Release|iPhone.ActiveCfg = Release|Any CPU
		{87D7F057-AD89-4071-8E41-736212891CCC}.Release|iPhone.Build.0 = Release|Any CPU
		{87D7F057-AD89-4071-8E41-736212891CCC}.Release|iPhone.Deploy.0 = Release|Any CPU
		{87D7F057-AD89-4071-8E41-736212891CCC}.Release|iPhoneSimulator.ActiveCfg = Release|Any CPU
		{87D7F057-AD89-4071-8E41-736212891CCC}.Release|iPhoneSimulator.Build.0 = Release|Any CPU
		{87D7F057-AD89-4071-8E41-736212891CCC}.Release|iPhoneSimulator.Deploy.0 = Release|Any CPU
		{834C7FB9-59FF-4E7C-AD2F-F90373AADBE8}.Debug|Any CPU.ActiveCfg = Debug|iPhoneSimulator
		{834C7FB9-59FF-4E7C-AD2F-F90373AADBE8}.Debug|Any CPU.Build.0 = Debug|iPhoneSimulator
		{834C7FB9-59FF-4E7C-AD2F-F90373AADBE8}.Debug|Any CPU.Deploy.0 = Debug|iPhoneSimulator
		{834C7FB9-59FF-4E7C-AD2F-F90373AADBE8}.Debug|iPhone.ActiveCfg = Debug|iPhone
		{834C7FB9-59FF-4E7C-AD2F-F90373AADBE8}.Debug|iPhone.Build.0 = Debug|iPhone
		{834C7FB9-59FF-4E7C-AD2F-F90373AADBE8}.Debug|iPhone.Deploy.0 = Debug|iPhone
		{834C7FB9-59FF-4E7C-AD2F-F90373AADBE8}.Debug|iPhoneSimulator.ActiveCfg = Debug|iPhoneSimulator
		{834C7FB9-59FF-4E7C-AD2F-F90373AADBE8}.Debug|iPhoneSimulator.Build.0 = Debug|iPhoneSimulator
		{834C7FB9-59FF-4E7C-AD2F-F90373AADBE8}.Debug|iPhoneSimulator.Deploy.0 = Debug|iPhoneSimulator
		{834C7FB9-59FF-4E7C-AD2F-F90373AADBE8}.Release|Any CPU.ActiveCfg = Release|iPhone
		{834C7FB9-59FF-4E7C-AD2F-F90373AADBE8}.Release|Any CPU.Build.0 = Release|iPhone
		{834C7FB9-59FF-4E7C-AD2F-F90373AADBE8}.Release|Any CPU.Deploy.0 = Release|iPhone
		{834C7FB9-59FF-4E7C-AD2F-F90373AADBE8}.Release|iPhone.ActiveCfg = Release|iPhone
		{834C7FB9-59FF-4E7C-AD2F-F90373AADBE8}.Release|iPhone.Build.0 = Release|iPhone
		{834C7FB9-59FF-4E7C-AD2F-F90373AADBE8}.Release|iPhone.Deploy.0 = Release|iPhone
		{834C7FB9-59FF-4E7C-AD2F-F90373AADBE8}.Release|iPhoneSimulator.ActiveCfg = Release|iPhoneSimulator
		{834C7FB9-59FF-4E7C-AD2F-F90373AADBE8}.Release|iPhoneSimulator.Build.0 = Release|iPhoneSimulator
		{834C7FB9-59FF-4E7C-AD2F-F90373AADBE8}.Release|iPhoneSimulator.Deploy.0 = Release|iPhoneSimulator
		{3FA1EB23-82E7-4681-901C-6FF206A746F1}.Debug|Any CPU.ActiveCfg = Debug|Any CPU
		{3FA1EB23-82E7-4681-901C-6FF206A746F1}.Debug|Any CPU.Build.0 = Debug|Any CPU
		{3FA1EB23-82E7-4681-901C-6FF206A746F1}.Debug|Any CPU.Deploy.0 = Debug|Any CPU
		{3FA1EB23-82E7-4681-901C-6FF206A746F1}.Debug|iPhone.ActiveCfg = Debug|Any CPU
		{3FA1EB23-82E7-4681-901C-6FF206A746F1}.Debug|iPhone.Build.0 = Debug|Any CPU
		{3FA1EB23-82E7-4681-901C-6FF206A746F1}.Debug|iPhone.Deploy.0 = Debug|Any CPU
		{3FA1EB23-82E7-4681-901C-6FF206A746F1}.Debug|iPhoneSimulator.ActiveCfg = Debug|Any CPU
		{3FA1EB23-82E7-4681-901C-6FF206A746F1}.Debug|iPhoneSimulator.Build.0 = Debug|Any CPU
		{3FA1EB23-82E7-4681-901C-6FF206A746F1}.Debug|iPhoneSimulator.Deploy.0 = Debug|Any CPU
		{3FA1EB23-82E7-4681-901C-6FF206A746F1}.Release|Any CPU.ActiveCfg = Release|Any CPU
		{3FA1EB23-82E7-4681-901C-6FF206A746F1}.Release|Any CPU.Build.0 = Release|Any CPU
		{3FA1EB23-82E7-4681-901C-6FF206A746F1}.Release|Any CPU.Deploy.0 = Release|Any CPU
		{3FA1EB23-82E7-4681-901C-6FF206A746F1}.Release|iPhone.ActiveCfg = Release|Any CPU
		{3FA1EB23-82E7-4681-901C-6FF206A746F1}.Release|iPhone.Build.0 = Release|Any CPU
		{3FA1EB23-82E7-4681-901C-6FF206A746F1}.Release|iPhone.Deploy.0 = Release|Any CPU
		{3FA1EB23-82E7-4681-901C-6FF206A746F1}.Release|iPhoneSimulator.ActiveCfg = Release|Any CPU
		{3FA1EB23-82E7-4681-901C-6FF206A746F1}.Release|iPhoneSimulator.Build.0 = Release|Any CPU
		{3FA1EB23-82E7-4681-901C-6FF206A746F1}.Release|iPhoneSimulator.Deploy.0 = Release|Any CPU
	EndGlobalSection
	GlobalSection(SolutionProperties) = preSolution
		HideSolutionNode = FALSE
	EndGlobalSection
	GlobalSection(ExtensibilityGlobals) = postSolution
		SolutionGuid = {72C0A069-366A-401F-AB8C-B2D7D569E0D1}
	EndGlobalSection
EndGlobal
